
Microsoft Visual Studio Solution File, Format Version 12.00
# Visual Studio 15
VisualStudioVersion = 15.0.28307.902
MinimumVisualStudioVersion = 10.0.40219.1
Project("{FAE04EC0-301F-11D3-BF4B-00C04F79EFBC}") = "OutlookAddIns", "OutlookAddIns\OutlookAddIns.csproj", "{F98062F7-15EE-4D75-9716-A19F5A6D85C0}"
EndProject
Global
	GlobalSection(SolutionConfigurationPlatforms) = preSolution
		Debug|Any CPU = Debug|Any CPU
		Release|Any CPU = Release|Any CPU
	EndGlobalSection
	GlobalSection(ProjectConfigurationPlatforms) = postSolution
		{F98062F7-15EE-4D75-9716-A19F5A6D85C0}.Debug|Any CPU.ActiveCfg = Debug|Any CPU
		{F98062F7-15EE-4D75-9716-A19F5A6D85C0}.Debug|Any CPU.Build.0 = Debug|Any CPU
		{F98062F7-15EE-4D75-9716-A19F5A6D85C0}.Release|Any CPU.ActiveCfg = Release|Any CPU
		{F98062F7-15EE-4D75-9716-A19F5A6D85C0}.Release|Any CPU.Build.0 = Release|Any CPU
	EndGlobalSection
	GlobalSection(SolutionProperties) = preSolution
		HideSolutionNode = FALSE
	EndGlobalSection
	GlobalSection(ExtensibilityGlobals) = postSolution
		SolutionGuid = {0F95C6D5-C8B5-49E9-8F74-B89BEA56F5CC}
	EndGlobalSection
EndGlobal
